
Microsoft Visual Studio Solution File, Format Version 12.00
Project("{FAE04EC0-301F-11D3-BF4B-00C04F79EFBC}") = "PandaSharp.Framework", "PandaSharp.Framework\PandaSharp.Framework.csproj", "{B82F0BC1-B32F-4706-A5C9-17BE33D32B26}"
EndProject
Project("{FAE04EC0-301F-11D3-BF4B-00C04F79EFBC}") = "PandaSharp.Framework.Test", "PandaSharp.Framework.Test\PandaSharp.Framework.Test.csproj", "{D584AC26-4A67-4154-BB2A-715A05E27B88}"
EndProject
Global
	GlobalSection(SolutionConfigurationPlatforms) = preSolution
		Debug|Any CPU = Debug|Any CPU
		Release|Any CPU = Release|Any CPU
	EndGlobalSection
	GlobalSection(ProjectConfigurationPlatforms) = postSolution
		{B82F0BC1-B32F-4706-A5C9-17BE33D32B26}.Debug|Any CPU.ActiveCfg = Debug|Any CPU
		{B82F0BC1-B32F-4706-A5C9-17BE33D32B26}.Debug|Any CPU.Build.0 = Debug|Any CPU
		{B82F0BC1-B32F-4706-A5C9-17BE33D32B26}.Release|Any CPU.ActiveCfg = Release|Any CPU
		{B82F0BC1-B32F-4706-A5C9-17BE33D32B26}.Release|Any CPU.Build.0 = Release|Any CPU
		{D584AC26-4A67-4154-BB2A-715A05E27B88}.Debug|Any CPU.ActiveCfg = Debug|Any CPU
		{D584AC26-4A67-4154-BB2A-715A05E27B88}.Debug|Any CPU.Build.0 = Debug|Any CPU
		{D584AC26-4A67-4154-BB2A-715A05E27B88}.Release|Any CPU.ActiveCfg = Release|Any CPU
		{D584AC26-4A67-4154-BB2A-715A05E27B88}.Release|Any CPU.Build.0 = Release|Any CPU
	EndGlobalSection
EndGlobal
